
Microsoft Visual Studio Solution File, Format Version 12.00
# Visual Studio Version 17
VisualStudioVersion = 17.13.35828.75
MinimumVisualStudioVersion = 10.0.40219.1
Project("{2150E333-8FDC-42A3-9474-1A3956D46DE8}") = "Core", "Core", "{02EA681E-C7D8-13C7-8484-4AC65E1B71E8}"
EndProject
Project("{2150E333-8FDC-42A3-9474-1A3956D46DE8}") = "Persistence", "Persistence", "{E2A38D67-8BF8-403A-ABC3-E6A88ADA110D}"
EndProject
Project("{2150E333-8FDC-42A3-9474-1A3956D46DE8}") = "Application", "Application", "{CB3AEAD1-DC86-4397-B73B-3A3F4DD10F4A}"
EndProject
Project("{2150E333-8FDC-42A3-9474-1A3956D46DE8}") = "Docs", "Docs", "{3BB44B67-BAA0-43DA-B489-EA54D0919077}"
EndProject
Project("{2150E333-8FDC-42A3-9474-1A3956D46DE8}") = "Common", "Common", "{3936FD89-F159-4FC9-832A-4104C4D6EB40}"
EndProject
Project("{FAE04EC0-301F-11D3-BF4B-00C04F79EFBC}") = "FAI.Core", "FAI.Core\FAI.Core.csproj", "{0F791C3E-E8A1-44AB-B298-FB5F09379FA2}"
EndProject
Project("{FAE04EC0-301F-11D3-BF4B-00C04F79EFBC}") = "FAI.Persistence", "FAI.Persistence\FAI.Persistence.csproj", "{1CC59B0C-A31F-481D-8CA1-0243980BE41E}"
EndProject
Project("{FAE04EC0-301F-11D3-BF4B-00C04F79EFBC}") = "FAI.Application", "FAI.Application\FAI.Application.csproj", "{6EE4FD7A-7FA9-46A7-B1EE-6B4427621F11}"
EndProject
Project("{2150E333-8FDC-42A3-9474-1A3956D46DE8}") = "Solution Items", "Solution Items", "{3DC60605-211F-4E48-88FF-254E7B1941FF}"
	ProjectSection(SolutionItems) = preProject
		.editorconfig = .editorconfig
	EndProjectSection
EndProject
Project("{FAE04EC0-301F-11D3-BF4B-00C04F79EFBC}") = "FAI.Common", "FAI.Common\FAI.Common.csproj", "{CE48123F-8716-433E-A145-014A06480CDF}"
EndProject
Project("{2150E333-8FDC-42A3-9474-1A3956D46DE8}") = "Clients", "Clients", "{ADC7F551-D349-4C76-99E0-1D5922C2D21F}"
EndProject
Project("{FAE04EC0-301F-11D3-BF4B-00C04F79EFBC}") = "FAI.MovieWebService", "FAI.MovieWebService\FAI.MovieWebService.csproj", "{AADF7901-EB98-448A-6F62-2449C58C6C25}"
EndProject
Project("{FAE04EC0-301F-11D3-BF4B-00C04F79EFBC}") = "FAI.MovieWeb", "FAI.MovieWeb\FAI.MovieWeb.csproj", "{F8C84280-8ECB-42E2-9EF7-80FE48F0868E}"
EndProject
Global
	GlobalSection(SolutionConfigurationPlatforms) = preSolution
		Debug|Any CPU = Debug|Any CPU
		Release|Any CPU = Release|Any CPU
	EndGlobalSection
	GlobalSection(ProjectConfigurationPlatforms) = postSolution
		{0F791C3E-E8A1-44AB-B298-FB5F09379FA2}.Debug|Any CPU.ActiveCfg = Debug|Any CPU
		{0F791C3E-E8A1-44AB-B298-FB5F09379FA2}.Debug|Any CPU.Build.0 = Debug|Any CPU
		{0F791C3E-E8A1-44AB-B298-FB5F09379FA2}.Release|Any CPU.ActiveCfg = Release|Any CPU
		{0F791C3E-E8A1-44AB-B298-FB5F09379FA2}.Release|Any CPU.Build.0 = Release|Any CPU
		{1CC59B0C-A31F-481D-8CA1-0243980BE41E}.Debug|Any CPU.ActiveCfg = Debug|Any CPU
		{1CC59B0C-A31F-481D-8CA1-0243980BE41E}.Debug|Any CPU.Build.0 = Debug|Any CPU
		{1CC59B0C-A31F-481D-8CA1-0243980BE41E}.Release|Any CPU.ActiveCfg = Release|Any CPU
		{1CC59B0C-A31F-481D-8CA1-0243980BE41E}.Release|Any CPU.Build.0 = Release|Any CPU
		{6EE4FD7A-7FA9-46A7-B1EE-6B4427621F11}.Debug|Any CPU.ActiveCfg = Debug|Any CPU
		{6EE4FD7A-7FA9-46A7-B1EE-6B4427621F11}.Debug|Any CPU.Build.0 = Debug|Any CPU
		{6EE4FD7A-7FA9-46A7-B1EE-6B4427621F11}.Release|Any CPU.ActiveCfg = Release|Any CPU
		{6EE4FD7A-7FA9-46A7-B1EE-6B4427621F11}.Release|Any CPU.Build.0 = Release|Any CPU
		{CE48123F-8716-433E-A145-014A06480CDF}.Debug|Any CPU.ActiveCfg = Debug|Any CPU
		{CE48123F-8716-433E-A145-014A06480CDF}.Debug|Any CPU.Build.0 = Debug|Any CPU
		{CE48123F-8716-433E-A145-014A06480CDF}.Release|Any CPU.ActiveCfg = Release|Any CPU
		{CE48123F-8716-433E-A145-014A06480CDF}.Release|Any CPU.Build.0 = Release|Any CPU
		{AADF7901-EB98-448A-6F62-2449C58C6C25}.Debug|Any CPU.ActiveCfg = Debug|Any CPU
		{AADF7901-EB98-448A-6F62-2449C58C6C25}.Debug|Any CPU.Build.0 = Debug|Any CPU
		{AADF7901-EB98-448A-6F62-2449C58C6C25}.Release|Any CPU.ActiveCfg = Release|Any CPU
		{AADF7901-EB98-448A-6F62-2449C58C6C25}.Release|Any CPU.Build.0 = Release|Any CPU
		{F8C84280-8ECB-42E2-9EF7-80FE48F0868E}.Debug|Any CPU.ActiveCfg = Debug|Any CPU
		{F8C84280-8ECB-42E2-9EF7-80FE48F0868E}.Debug|Any CPU.Build.0 = Debug|Any CPU
		{F8C84280-8ECB-42E2-9EF7-80FE48F0868E}.Release|Any CPU.ActiveCfg = Release|Any CPU
		{F8C84280-8ECB-42E2-9EF7-80FE48F0868E}.Release|Any CPU.Build.0 = Release|Any CPU
	EndGlobalSection
	GlobalSection(SolutionProperties) = preSolution
		HideSolutionNode = FALSE
	EndGlobalSection
	GlobalSection(NestedProjects) = preSolution
		{0F791C3E-E8A1-44AB-B298-FB5F09379FA2} = {02EA681E-C7D8-13C7-8484-4AC65E1B71E8}
		{1CC59B0C-A31F-481D-8CA1-0243980BE41E} = {E2A38D67-8BF8-403A-ABC3-E6A88ADA110D}
		{6EE4FD7A-7FA9-46A7-B1EE-6B4427621F11} = {CB3AEAD1-DC86-4397-B73B-3A3F4DD10F4A}
		{CE48123F-8716-433E-A145-014A06480CDF} = {3936FD89-F159-4FC9-832A-4104C4D6EB40}
		{AADF7901-EB98-448A-6F62-2449C58C6C25} = {ADC7F551-D349-4C76-99E0-1D5922C2D21F}
		{F8C84280-8ECB-42E2-9EF7-80FE48F0868E} = {ADC7F551-D349-4C76-99E0-1D5922C2D21F}
	EndGlobalSection
	GlobalSection(ExtensibilityGlobals) = postSolution
		SolutionGuid = {C48B0AC2-E790-492E-9D2E-D70165960BEF}
	EndGlobalSection
EndGlobal
